{
  "cohort_id": "pure-leap-right-pilot-new-a8",
  "members": [
    {
      "asset_id": "d5013297",
      "cohort_index": 0,
      "content_hash": "6221283576038269cd8fc391ff7760fbb82bc54ac878b47546a68e7328288a75",
      "mutation_descriptor": {
        "kind": "mother"
      },
      "provenance": {
        "asset_role": "mother",
        "collection_kind": "groups",
        "group_name": "single_palm_leap",
        "mother_name": "right_t3_i1_m1_r3",
        "mother_path": "/home/hac/isaac/AnyMani/source/anymani/anymani/assets/generated/2026-08-19_15-10-48/single_palm_leap/right_t3_i1_m1_r3",
        "partition": "train",
        "run_alias": "default",
        "run_dir": "/home/hac/isaac/AnyMani/source/anymani/anymani/assets/generated/2026-08-19_15-10-48",
        "variant_set": ""
      },
      "source_alias": "ssl",
      "source_row": 2096
    },
    {
      "asset_id": "22aa06ea",
      "cohort_index": 1,
      "content_hash": "5b21409dd8afe5f89e0ce1d509e9b33a3a30a4031ad05fba7efcbc301cd9a853",
      "mutation_descriptor": {
        "kind": "variant",
        "mutator_modes": {
          "limit_tweak": "identity",
          "link_proximal_overlap": "homologous_non_thumb",
          "link_scale": "general",
          "mount_perturb": "general",
          "tip_replace": "general"
        },
        "post_mutate_samples_sha256": "0c4799c3fd35f0d231ff8570eddf2cc11e9fc3c9d980de78c2c6a4c67a2b28ee",
        "source_origin_sample_id": "d5013297",
        "source_origin_topology_dir": "/home/hac/isaac/AnyMani/source/anymani/anymani/assets/generated/2026-08-19_15-10-48/single_palm_leap/right_t3_i1_m1_r3"
      },
      "provenance": {
        "asset_role": "variant",
        "collection_kind": "groups",
        "group_name": "single_palm_leap",
        "mother_name": "right_t3_i1_m1_r3",
        "mother_path": "/home/hac/isaac/AnyMani/source/anymani/anymani/assets/generated/2026-08-19_15-10-48/single_palm_leap/right_t3_i1_m1_r3",
        "partition": "train",
        "run_alias": "default",
        "run_dir": "/home/hac/isaac/AnyMani/source/anymani/anymani/assets/generated/2026-08-19_15-10-48",
        "variant_set": "2026-08-20_03-13-57"
      },
      "source_alias": "ssl",
      "source_row": 2100
    },
    {
      "asset_id": "894cad9e",
      "cohort_index": 2,
      "content_hash": "6ac75361596b7fdf14ac3ac5a3cb569c41a5c36b7b6b851e40bfc8ae304c2dcc",
      "mutation_descriptor": {
        "kind": "variant",
        "mutator_modes": {
          "limit_tweak": "disturb",
          "link_proximal_overlap": "identity",
          "link_scale": "only_length",
          "mount_perturb": "index_ring",
          "tip_replace": "same"
        },
        "post_mutate_samples_sha256": "dedd60cc4aca25dfdd0b4b0876ad265fb73262d5c7918f39cafc5e55da455023",
        "source_origin_sample_id": "d5013297",
        "source_origin_topology_dir": "/home/hac/isaac/AnyMani/source/anymani/anymani/assets/generated/2026-08-19_15-10-48/single_palm_leap/right_t3_i1_m1_r3"
      },
      "provenance": {
        "asset_role": "variant",
        "collection_kind": "groups",
        "group_name": "single_palm_leap",
        "mother_name": "right_t3_i1_m1_r3",
        "mother_path": "/home/hac/isaac/AnyMani/source/anymani/anymani/assets/generated/2026-08-19_15-10-48/single_palm_leap/right_t3_i1_m1_r3",
        "partition": "train",
        "run_alias": "default",
        "run_dir": "/home/hac/isaac/AnyMani/source/anymani/anymani/assets/generated/2026-08-19_15-10-48",
        "variant_set": "2026-08-20_03-13-57"
      },
      "source_alias": "ssl",
      "source_row": 2104
    },
    {
      "asset_id": "0e880744",
      "cohort_index": 3,
      "content_hash": "5f134e3d0f723dd276a83509482e2e9fe5d74f9e0764ce10133fefae736f85f6",
      "mutation_descriptor": {
        "kind": "variant",
        "mutator_modes": {
          "limit_tweak": "homologous_non_thumb",
          "link_proximal_overlap": "disturb",
          "link_scale": "only_length",
          "mount_perturb": "index_ring_x_pos",
          "tip_replace": "identity"
        },
        "post_mutate_samples_sha256": "e464ae342a7de8ebc4e2bb09e78ae2f958fcc3005bf323cb2352636a1cb1d037",
        "source_origin_sample_id": "d5013297",
        "source_origin_topology_dir": "/home/hac/isaac/AnyMani/source/anymani/anymani/assets/generated/2026-08-19_15-10-48/single_palm_leap/right_t3_i1_m1_r3"
      },
      "provenance": {
        "asset_role": "variant",
        "collection_kind": "groups",
        "group_name": "single_palm_leap",
        "mother_name": "right_t3_i1_m1_r3",
        "mother_path": "/home/hac/isaac/AnyMani/source/anymani/anymani/assets/generated/2026-08-19_15-10-48/single_palm_leap/right_t3_i1_m1_r3",
        "partition": "train",
        "run_alias": "default",
        "run_dir": "/home/hac/isaac/AnyMani/source/anymani/anymani/assets/generated/2026-08-19_15-10-48",
        "variant_set": "2026-08-20_03-13-57"
      },
      "source_alias": "ssl",
      "source_row": 2098
    },
    {
      "asset_id": "dafb852c",
      "cohort_index": 4,
      "content_hash": "02984eae2aca8ed31e2782190918f7eadfcd5130d2caa6f55e1d0c9a12764327",
      "mutation_descriptor": {
        "kind": "mother"
      },
      "provenance": {
        "asset_role": "mother",
        "collection_kind": "groups",
        "group_name": "single_palm_leap",
        "mother_name": "right_t4_i1_m3_r4",
        "mother_path": "/home/hac/isaac/AnyMani/source/anymani/anymani/assets/generated/2026-08-19_15-10-48/single_palm_leap/right_t4_i1_m3_r4",
        "partition": "train",
        "run_alias": "default",
        "run_dir": "/home/hac/isaac/AnyMani/source/anymani/anymani/assets/generated/2026-08-19_15-10-48",
        "variant_set": ""
      },
      "source_alias": "ssl",
      "source_row": 2800
    },
    {
      "asset_id": "06d451e0",
      "cohort_index": 5,
      "content_hash": "3236ab39de309eb14ce1c74f5581596e1e1422da47f6afdf8b3a65d02065926e",
      "mutation_descriptor": {
        "kind": "variant",
        "mutator_modes": {
          "limit_tweak": "homologous_non_thumb",
          "link_proximal_overlap": "disturb",
          "link_scale": "general",
          "mount_perturb": "index_ring_x_pos",
          "tip_replace": "general"
        },
        "post_mutate_samples_sha256": "f6badaafa02f2fbe01635af2c8b90a55acba82d21fda0ce39f2693aa7fa277d9",
        "source_origin_sample_id": "dafb852c",
        "source_origin_topology_dir": "/home/hac/isaac/AnyMani/source/anymani/anymani/assets/generated/2026-08-19_15-10-48/single_palm_leap/right_t4_i1_m3_r4"
      },
      "provenance": {
        "asset_role": "variant",
        "collection_kind": "groups",
        "group_name": "single_palm_leap",
        "mother_name": "right_t4_i1_m3_r4",
        "mother_path": "/home/hac/isaac/AnyMani/source/anymani/anymani/assets/generated/2026-08-19_15-10-48/single_palm_leap/right_t4_i1_m3_r4",
        "partition": "train",
        "run_alias": "default",
        "run_dir": "/home/hac/isaac/AnyMani/source/anymani/anymani/assets/generated/2026-08-19_15-10-48",
        "variant_set": "2026-08-20_03-23-23"
      },
      "source_alias": "ssl",
      "source_row": 2801
    },
    {
      "asset_id": "612e1885",
      "cohort_index": 6,
      "content_hash": "13be79f4ca82b5a461a7342a41b1cc8ff9b0ce37a2f6428d023fd500dc0bee33",
      "mutation_descriptor": {
        "kind": "variant",
        "mutator_modes": {
          "limit_tweak": "identity",
          "link_proximal_overlap": "identity",
          "link_scale": "only_length",
          "mount_perturb": "identity",
          "tip_replace": "same"
        },
        "post_mutate_samples_sha256": "4d1d2616f96a97b4cc3d80a71347d852a8416c91b229217a186a0aca93ffa170",
        "source_origin_sample_id": "dafb852c",
        "source_origin_topology_dir": "/home/hac/isaac/AnyMani/source/anymani/anymani/assets/generated/2026-08-19_15-10-48/single_palm_leap/right_t4_i1_m3_r4"
      },
      "provenance": {
        "asset_role": "variant",
        "collection_kind": "groups",
        "group_name": "single_palm_leap",
        "mother_name": "right_t4_i1_m3_r4",
        "mother_path": "/home/hac/isaac/AnyMani/source/anymani/anymani/assets/generated/2026-08-19_15-10-48/single_palm_leap/right_t4_i1_m3_r4",
        "partition": "train",
        "run_alias": "default",
        "run_dir": "/home/hac/isaac/AnyMani/source/anymani/anymani/assets/generated/2026-08-19_15-10-48",
        "variant_set": "2026-08-20_03-23-23"
      },
      "source_alias": "ssl",
      "source_row": 2809
    },
    {
      "asset_id": "d1e937ad",
      "cohort_index": 7,
      "content_hash": "9f3455604c157b245f77c0ab4b39670b24afea7046c07c57cc7442623393f1dc",
      "mutation_descriptor": {
        "kind": "variant",
        "mutator_modes": {
          "limit_tweak": "disturb",
          "link_proximal_overlap": "identity",
          "link_scale": "identity",
          "mount_perturb": "general",
          "tip_replace": "identity"
        },
        "post_mutate_samples_sha256": "99d3d80705fb8f8e59eb686f69c8b630d3899a663a7f3f3938e2962a5ab54639",
        "source_origin_sample_id": "dafb852c",
        "source_origin_topology_dir": "/home/hac/isaac/AnyMani/source/anymani/anymani/assets/generated/2026-08-19_15-10-48/single_palm_leap/right_t4_i1_m3_r4"
      },
      "provenance": {
        "asset_role": "variant",
        "collection_kind": "groups",
        "group_name": "single_palm_leap",
        "mother_name": "right_t4_i1_m3_r4",
        "mother_path": "/home/hac/isaac/AnyMani/source/anymani/anymani/assets/generated/2026-08-19_15-10-48/single_palm_leap/right_t4_i1_m3_r4",
        "partition": "train",
        "run_alias": "default",
        "run_dir": "/home/hac/isaac/AnyMani/source/anymani/anymani/assets/generated/2026-08-19_15-10-48",
        "variant_set": "2026-08-20_03-23-23"
      },
      "source_alias": "ssl",
      "source_row": 2814
    }
  ],
  "schema_version": "1.1.0",
  "selection": {
    "algorithm": "explicit-a16-plus-two-topologies-v1",
    "base_cohort": "pure-leap-right-a16",
    "member_order": "all old A16 members followed by the two new four-member blocks",
    "new_active_dof": [
      8,
      12
    ],
    "new_mothers": [
      "right_t3_i1_m1_r3",
      "right_t4_i1_m3_r4"
    ],
    "new_tip_count": 4,
    "policy_exposure": "new topologies relative to A16; geometry SSL train exposure retained",
    "purpose": "new-pregrasp-preparation",
    "representatives_per_new_mother": 4
  },
  "sources": {
    "ssl": {
      "manifest_path": "/home/hac/isaac/AnyMani/source/anymani/anymani/assets/datasets/cross_embodiment_balanced_v1/ssl.yaml",
      "manifest_sha256": "671e204e8542e69fab7adc05bb3516a28993a7aa744a333b31811eb2e9c0eeb8"
    }
  }
}
